
Microsoft Visual Studio Solution File, Format Version 12.00
# Visual Studio Version 17
VisualStudioVersion = 17.11.35222.181
MinimumVisualStudioVersion = 10.0.40219.1
Project("{FAE04EC0-301F-11D3-BF4B-00C04F79EFBC}") = "ManagerClassroom", "ManagerClassroom\ManagerClassroom.csproj", "{4D0A38ED-C792-4727-9AA0-A0B5067CBD39}"
EndProject
Global
	GlobalSection(SolutionConfigurationPlatforms) = preSolution
		Debug|Any CPU = Debug|Any CPU
		Release|Any CPU = Release|Any CPU
	EndGlobalSection
	GlobalSection(ProjectConfigurationPlatforms) = postSolution
		{4D0A38ED-C792-4727-9AA0-A0B5067CBD39}.Debug|Any CPU.ActiveCfg = Debug|Any CPU
		{4D0A38ED-C792-4727-9AA0-A0B5067CBD39}.Debug|Any CPU.Build.0 = Debug|Any CPU
		{4D0A38ED-C792-4727-9AA0-A0B5067CBD39}.Release|Any CPU.ActiveCfg = Release|Any CPU
		{4D0A38ED-C792-4727-9AA0-A0B5067CBD39}.Release|Any CPU.Build.0 = Release|Any CPU
	EndGlobalSection
	GlobalSection(SolutionProperties) = preSolution
		HideSolutionNode = FALSE
	EndGlobalSection
	GlobalSection(ExtensibilityGlobals) = postSolution
		SolutionGuid = {CEC724B0-BDCC-4CEC-966D-34B53EF4E928}
	EndGlobalSection
EndGlobal
