
Microsoft Visual Studio Solution File, Format Version 12.00
# Visual Studio Version 17
VisualStudioVersion = 17.11.35222.181
MinimumVisualStudioVersion = 10.0.40219.1
Project("{FAE04EC0-301F-11D3-BF4B-00C04F79EFBC}") = "SorveteriaDecorator", "SorveteriaDecorator\SorveteriaDecorator.csproj", "{A1AD2A0C-203B-4CD1-8E4E-C10D6669B586}"
EndProject
Global
	GlobalSection(SolutionConfigurationPlatforms) = preSolution
		Debug|Any CPU = Debug|Any CPU
		Release|Any CPU = Release|Any CPU
	EndGlobalSection
	GlobalSection(ProjectConfigurationPlatforms) = postSolution
		{A1AD2A0C-203B-4CD1-8E4E-C10D6669B586}.Debug|Any CPU.ActiveCfg = Debug|Any CPU
		{A1AD2A0C-203B-4CD1-8E4E-C10D6669B586}.Debug|Any CPU.Build.0 = Debug|Any CPU
		{A1AD2A0C-203B-4CD1-8E4E-C10D6669B586}.Release|Any CPU.ActiveCfg = Release|Any CPU
		{A1AD2A0C-203B-4CD1-8E4E-C10D6669B586}.Release|Any CPU.Build.0 = Release|Any CPU
	EndGlobalSection
	GlobalSection(SolutionProperties) = preSolution
		HideSolutionNode = FALSE
	EndGlobalSection
	GlobalSection(ExtensibilityGlobals) = postSolution
		SolutionGuid = {510FB601-0C0C-4B49-B70B-2594095D7D35}
	EndGlobalSection
EndGlobal
