
Microsoft Visual Studio Solution File, Format Version 12.00
# Visual Studio Version 17
VisualStudioVersion = 17.11.35222.181
MinimumVisualStudioVersion = 10.0.40219.1
Project("{FAE04EC0-301F-11D3-BF4B-00C04F79EFBC}") = "TextDecorator", "TextDecorator\TextDecorator.csproj", "{D19336FB-DA1E-4E4E-944B-091279D87CD1}"
EndProject
Global
	GlobalSection(SolutionConfigurationPlatforms) = preSolution
		Debug|Any CPU = Debug|Any CPU
		Release|Any CPU = Release|Any CPU
	EndGlobalSection
	GlobalSection(ProjectConfigurationPlatforms) = postSolution
		{D19336FB-DA1E-4E4E-944B-091279D87CD1}.Debug|Any CPU.ActiveCfg = Debug|Any CPU
		{D19336FB-DA1E-4E4E-944B-091279D87CD1}.Debug|Any CPU.Build.0 = Debug|Any CPU
		{D19336FB-DA1E-4E4E-944B-091279D87CD1}.Release|Any CPU.ActiveCfg = Release|Any CPU
		{D19336FB-DA1E-4E4E-944B-091279D87CD1}.Release|Any CPU.Build.0 = Release|Any CPU
	EndGlobalSection
	GlobalSection(SolutionProperties) = preSolution
		HideSolutionNode = FALSE
	EndGlobalSection
	GlobalSection(ExtensibilityGlobals) = postSolution
		SolutionGuid = {B3F13F96-D7CD-459B-B51E-0C17EE9F5DE7}
	EndGlobalSection
EndGlobal
